// !$*UTF8*$!
{
	archiveVersion = 1;
	classes = {
	};
	objectVersion = 46;
	objects = {

/* Begin PBXBuildFile section */
		49F11F65196C3BE50041B98B /* Foundation.framework in Frameworks */ = {isa = PBXBuildFile; fileRef = 49F11F64196C3BE50041B98B /* Foundation.framework */; };
		49F11F67196C3BE50041B98B /* CoreGraphics.framework in Frameworks */ = {isa = PBXBuildFile; fileRef = 49F11F66196C3BE50041B98B /* CoreGraphics.framework */; };
		49F11F69196C3BE50041B98B /* UIKit.framework in Frameworks */ = {isa = PBXBuildFile; fileRef = 49F11F68196C3BE50041B98B /* UIKit.framework */; };
		49F11F6F196C3BE50041B98B /* InfoPlist.strings in Resources */ = {isa = PBXBuildFile; fileRef = 49F11F6D196C3BE50041B98B /* InfoPlist.strings */; };
		49F11F71196C3BE50041B98B /* main.m in Sources */ = {isa = PBXBuildFile; fileRef = 49F11F70196C3BE50041B98B /* main.m */; };
		49F11F75196C3BE50041B98B /* ASNAppDelegate.m in Sources */ = {isa = PBXBuildFile; fileRef = 49F11F74196C3BE50041B98B /* ASNAppDelegate.m */; };
		49F11F78196C3BE50041B98B /* Main.storyboard in Resources */ = {isa = PBXBuildFile; fileRef = 49F11F76196C3BE50041B98B /* Main.storyboard */; };
		49F11F7B196C3BE50041B98B /* ASNViewController.m in Sources */ = {isa = PBXBuildFile; fileRef = 49F11F7A196C3BE50041B98B /* ASNViewController.m */; };
		49F11F7D196C3BE50041B98B /* Images.xcassets in Resources */ = {isa = PBXBuildFile; fileRef = 49F11F7C196C3BE50041B98B /* Images.xcassets */; };
		49F11F84196C3BE50041B98B /* XCTest.framework in Frameworks */ = {isa = PBXBuildFile; fileRef = 49F11F83196C3BE50041B98B /* XCTest.framework */; };
		49F11F85196C3BE50041B98B /* Foundation.framework in Frameworks */ = {isa = PBXBuildFile; fileRef = 49F11F64196C3BE50041B98B /* Foundation.framework */; };
		49F11F86196C3BE50041B98B /* UIKit.framework in Frameworks */ = {isa = PBXBuildFile; fileRef = 49F11F68196C3BE50041B98B /* UIKit.framework */; };
		49F11F8E196C3BE50041B98B /* InfoPlist.strings in Resources */ = {isa = PBXBuildFile; fileRef = 49F11F8C196C3BE50041B98B /* InfoPlist.strings */; };
		49F11F90196C3BE50041B98B /* ASNCalendarDemoTests.m in Sources */ = {isa = PBXBuildFile; fileRef = 49F11F8F196C3BE50041B98B /* ASNCalendarDemoTests.m */; };
/* End PBXBuildFile section */

/* Begin PBXContainerItemProxy section */
		49F11F87196C3BE50041B98B /* PBXContainerItemProxy */ = {
			isa = PBXContainerItemProxy;
			containerPortal = 49F11F59196C3BE50041B98B /* Project object */;
			proxyType = 1;
			remoteGlobalIDString = 49F11F60196C3BE50041B98B;
			remoteInfo = ASNCalendarDemo;
		};
/* End PBXContainerItemProxy section */

/* Begin PBXFileReference section */
		49F11F61196C3BE50041B98B /* ASNCalendarDemo.app */ = {isa = PBXFileReference; explicitFileType = wrapper.application; includeInIndex = 0; path = ASNCalendarDemo.app; sourceTree = BUILT_PRODUCTS_DIR; };
		49F11F64196C3BE50041B98B /* Foundation.framework */ = {isa = PBXFileReference; lastKnownFileType = wrapper.framework; name = Foundation.framework; path = System/Library/Frameworks/Foundation.framework; sourceTree = SDKROOT; };
		49F11F66196C3BE50041B98B /* CoreGraphics.framework */ = {isa = PBXFileReference; lastKnownFileType = wrapper.framework; name = CoreGraphics.framework; path = System/Library/Frameworks/CoreGraphics.framework; sourceTree = SDKROOT; };
		49F11F68196C3BE50041B98B /* UIKit.framework */ = {isa = PBXFileReference; lastKnownFileType = wrapper.framework; name = UIKit.framework; path = System/Library/Frameworks/UIKit.framework; sourceTree = SDKROOT; };
		49F11F6C196C3BE50041B98B /* ASNCalendarDemo-Info.plist */ = {isa = PBXFileReference; lastKnownFileType = text.plist.xml; path = "ASNCalendarDemo-Info.plist"; sourceTree = "<group>"; };
		49F11F6E196C3BE50041B98B /* en */ = {isa = PBXFileReference; lastKnownFileType = text.plist.strings; name = en; path = en.lproj/InfoPlist.strings; sourceTree = "<group>"; };
		49F11F70196C3BE50041B98B /* main.m */ = {isa = PBXFileReference; lastKnownFileType = sourcecode.c.objc; path = main.m; sourceTree = "<group>"; };
		49F11F72196C3BE50041B98B /* ASNCalendarDemo-Prefix.pch */ = {isa = PBXFileReference; lastKnownFileType = sourcecode.c.h; path = "ASNCalendarDemo-Prefix.pch"; sourceTree = "<group>"; };
		49F11F73196C3BE50041B98B /* ASNAppDelegate.h */ = {isa = PBXFileReference; lastKnownFileType = sourcecode.c.h; path = ASNAppDelegate.h; sourceTree = "<group>"; };
		49F11F74196C3BE50041B98B /* ASNAppDelegate.m */ = {isa = PBXFileReference; lastKnownFileType = sourcecode.c.objc; path = ASNAppDelegate.m; sourceTree = "<group>"; };
		49F11F77196C3BE50041B98B /* Base */ = {isa = PBXFileReference; lastKnownFileType = file.storyboard; name = Base; path = Base.lproj/Main.storyboard; sourceTree = "<group>"; };
		49F11F79196C3BE50041B98B /* ASNViewController.h */ = {isa = PBXFileReference; lastKnownFileType = sourcecode.c.h; path = ASNViewController.h; sourceTree = "<group>"; };
		49F11F7A196C3BE50041B98B /* ASNViewController.m */ = {isa = PBXFileReference; lastKnownFileType = sourcecode.c.objc; path = ASNViewController.m; sourceTree = "<group>"; };
		49F11F7C196C3BE50041B98B /* Images.xcassets */ = {isa = PBXFileReference; lastKnownFileType = folder.assetcatalog; path = Images.xcassets; sourceTree = "<group>"; };
		49F11F82196C3BE50041B98B /* ASNCalendarDemoTests.xctest */ = {isa = PBXFileReference; explicitFileType = wrapper.cfbundle; includeInIndex = 0; path = ASNCalendarDemoTests.xctest; sourceTree = BUILT_PRODUCTS_DIR; };
		49F11F83196C3BE50041B98B /* XCTest.framework */ = {isa = PBXFileReference; lastKnownFileType = wrapper.framework; name = XCTest.framework; path = Library/Frameworks/XCTest.framework; sourceTree = DEVELOPER_DIR; };
		49F11F8B196C3BE50041B98B /* ASNCalendarDemoTests-Info.plist */ = {isa = PBXFileReference; lastKnownFileType = text.plist.xml; path = "ASNCalendarDemoTests-Info.plist"; sourceTree = "<group>"; };
		49F11F8D196C3BE50041B98B /* en */ = {isa = PBXFileReference; lastKnownFileType = text.plist.strings; name = en; path = en.lproj/InfoPlist.strings; sourceTree = "<group>"; };
		49F11F8F196C3BE50041B98B /* ASNCalendarDemoTests.m */ = {isa = PBXFileReference; lastKnownFileType = sourcecode.c.objc; path = ASNCalendarDemoTests.m; sourceTree = "<group>"; };
/* End PBXFileReference section */

/* Begin PBXFrameworksBuildPhase section */
		49F11F5E196C3BE50041B98B /* Frameworks */ = {
			isa = PBXFrameworksBuildPhase;
			buildActionMask = 2147483647;
			files = (
				49F11F67196C3BE50041B98B /* CoreGraphics.framework in Frameworks */,
				49F11F69196C3BE50041B98B /* UIKit.framework in Frameworks */,
				49F11F65196C3BE50041B98B /* Foundation.framework in Frameworks */,
			);
			runOnlyForDeploymentPostprocessing = 0;
		};
		49F11F7F196C3BE50041B98B /* Frameworks */ = {
			isa = PBXFrameworksBuildPhase;
			buildActionMask = 2147483647;
			files = (
				49F11F84196C3BE50041B98B /* XCTest.framework in Frameworks */,
				49F11F86196C3BE50041B98B /* UIKit.framework in Frameworks */,
				49F11F85196C3BE50041B98B /* Foundation.framework in Frameworks */,
			);
			runOnlyForDeploymentPostprocessing = 0;
		};
/* End PBXFrameworksBuildPhase section */

/* Begin PBXGroup section */
		49F11F58196C3BE50041B98B = {
			isa = PBXGroup;
			children = (
				49F11F6A196C3BE50041B98B /* ASNCalendarDemo */,
				49F11F89196C3BE50041B98B /* ASNCalendarDemoTests */,
				49F11F63196C3BE50041B98B /* Frameworks */,
				49F11F62196C3BE50041B98B /* Products */,
			);
			sourceTree = "<group>";
		};
		49F11F62196C3BE50041B98B /* Products */ = {
			isa = PBXGroup;
			children = (
				49F11F61196C3BE50041B98B /* ASNCalendarDemo.app */,
				49F11F82196C3BE50041B98B /* ASNCalendarDemoTests.xctest */,
			);
			name = Products;
			sourceTree = "<group>";
		};
		49F11F63196C3BE50041B98B /* Frameworks */ = {
			isa = PBXGroup;
			children = (
				49F11F64196C3BE50041B98B /* Foundation.framework */,
				49F11F66196C3BE50041B98B /* CoreGraphics.framework */,
				49F11F68196C3BE50041B98B /* UIKit.framework */,
				49F11F83196C3BE50041B98B /* XCTest.framework */,
			);
			name = Frameworks;
			sourceTree = "<group>";
		};
		49F11F6A196C3BE50041B98B /* ASNCalendarDemo */ = {
			isa = PBXGroup;
			children = (
				49F11F73196C3BE50041B98B /* ASNAppDelegate.h */,
				49F11F74196C3BE50041B98B /* ASNAppDelegate.m */,
				49F11F76196C3BE50041B98B /* Main.storyboard */,
				49F11F79196C3BE50041B98B /* ASNViewController.h */,
				49F11F7A196C3BE50041B98B /* ASNViewController.m */,
				49F11F7C196C3BE50041B98B /* Images.xcassets */,
				49F11F6B196C3BE50041B98B /* Supporting Files */,
			);
			path = ASNCalendarDemo;
			sourceTree = "<group>";
		};
		49F11F6B196C3BE50041B98B /* Supporting Files */ = {
			isa = PBXGroup;
			children = (
				49F11F6C196C3BE50041B98B /* ASNCalendarDemo-Info.plist */,
				49F11F6D196C3BE50041B98B /* InfoPlist.strings */,
				49F11F70196C3BE50041B98B /* main.m */,
				49F11F72196C3BE50041B98B /* ASNCalendarDemo-Prefix.pch */,
			);
			name = "Supporting Files";
			sourceTree = "<group>";
		};
		49F11F89196C3BE50041B98B /* ASNCalendarDemoTests */ = {
			isa = PBXGroup;
			children = (
				49F11F8F196C3BE50041B98B /* ASNCalendarDemoTests.m */,
				49F11F8A196C3BE50041B98B /* Supporting Files */,
			);
			path = ASNCalendarDemoTests;
			sourceTree = "<group>";
		};
		49F11F8A196C3BE50041B98B /* Supporting Files */ = {
			isa = PBXGroup;
			children = (
				49F11F8B196C3BE50041B98B /* ASNCalendarDemoTests-Info.plist */,
				49F11F8C196C3BE50041B98B /* InfoPlist.strings */,
			);
			name = "Supporting Files";
			sourceTree = "<group>";
		};
/* End PBXGroup section */

/* Begin PBXNativeTarget section */
		49F11F60196C3BE50041B98B /* ASNCalendarDemo */ = {
			isa = PBXNativeTarget;
			buildConfigurationList = 49F11F93196C3BE50041B98B /* Build configuration list for PBXNativeTarget "ASNCalendarDemo" */;
			buildPhases = (
				49F11F5D196C3BE50041B98B /* Sources */,
				49F11F5E196C3BE50041B98B /* Frameworks */,
				49F11F5F196C3BE50041B98B /* Resources */,
			);
			buildRules = (
			);
			dependencies = (
			);
			name = ASNCalendarDemo;
			productName = ASNCalendarDemo;
			productReference = 49F11F61196C3BE50041B98B /* ASNCalendarDemo.app */;
			productType = "com.apple.product-type.application";
		};
		49F11F81196C3BE50041B98B /* ASNCalendarDemoTests */ = {
			isa = PBXNativeTarget;
			buildConfigurationList = 49F11F96196C3BE50041B98B /* Build configuration list for PBXNativeTarget "ASNCalendarDemoTests" */;
			buildPhases = (
				49F11F7E196C3BE50041B98B /* Sources */,
				49F11F7F196C3BE50041B98B /* Frameworks */,
				49F11F80196C3BE50041B98B /* Resources */,
			);
			buildRules = (
			);
			dependencies = (
				49F11F88196C3BE50041B98B /* PBXTargetDependency */,
			);
			name = ASNCalendarDemoTests;
			productName = ASNCalendarDemoTests;
			productReference = 49F11F82196C3BE50041B98B /* ASNCalendarDemoTests.xctest */;
			productType = "com.apple.product-type.bundle.unit-test";
		};
/* End PBXNativeTarget section */

/* Begin PBXProject section */
		49F11F59196C3BE50041B98B /* Project object */ = {
			isa = PBXProject;
			attributes = {
				CLASSPREFIX = ASN;
				LastUpgradeCheck = 0510;
				ORGANIZATIONNAME = AsanoYuki;
				TargetAttributes = {
					49F11F81196C3BE50041B98B = {
						TestTargetID = 49F11F60196C3BE50041B98B;
					};
				};
			};
			buildConfigurationList = 49F11F5C196C3BE50041B98B /* Build configuration list for PBXProject "ASNCalendarDemo" */;
			compatibilityVersion = "Xcode 3.2";
			developmentRegion = English;
			hasScannedForEncodings = 0;
			knownRegions = (
				en,
				Base,
			);
			mainGroup = 49F11F58196C3BE50041B98B;
			productRefGroup = 49F11F62196C3BE50041B98B /* Products */;
			projectDirPath = "";
			projectRoot = "";
			targets = (
				49F11F60196C3BE50041B98B /* ASNCalendarDemo */,
				49F11F81196C3BE50041B98B /* ASNCalendarDemoTests */,
			);
		};
/* End PBXProject section */

/* Begin PBXResourcesBuildPhase section */
		49F11F5F196C3BE50041B98B /* Resources */ = {
			isa = PBXResourcesBuildPhase;
			buildActionMask = 2147483647;
			files = (
				49F11F7D196C3BE50041B98B /* Images.xcassets in Resources */,
				49F11F6F196C3BE50041B98B /* InfoPlist.strings in Resources */,
				49F11F78196C3BE50041B98B /* Main.storyboard in Resources */,
			);
			runOnlyForDeploymentPostprocessing = 0;
		};
		49F11F80196C3BE50041B98B /* Resources */ = {
			isa = PBXResourcesBuildPhase;
			buildActionMask = 2147483647;
			files = (
				49F11F8E196C3BE50041B98B /* InfoPlist.strings in Resources */,
			);
			runOnlyForDeploymentPostprocessing = 0;
		};
/* End PBXResourcesBuildPhase section */

/* Begin PBXSourcesBuildPhase section */
		49F11F5D196C3BE50041B98B /* Sources */ = {
			isa = PBXSourcesBuildPhase;
			buildActionMask = 2147483647;
			files = (
				49F11F7B196C3BE50041B98B /* ASNViewController.m in Sources */,
				49F11F71196C3BE50041B98B /* main.m in Sources */,
				49F11F75196C3BE50041B98B /* ASNAppDelegate.m in Sources */,
			);
			runOnlyForDeploymentPostprocessing = 0;
		};
		49F11F7E196C3BE50041B98B /* Sources */ = {
			isa = PBXSourcesBuildPhase;
			buildActionMask = 2147483647;
			files = (
				49F11F90196C3BE50041B98B /* ASNCalendarDemoTests.m in Sources */,
			);
			runOnlyForDeploymentPostprocessing = 0;
		};
/* End PBXSourcesBuildPhase section */

/* Begin PBXTargetDependency section */
		49F11F88196C3BE50041B98B /* PBXTargetDependency */ = {
			isa = PBXTargetDependency;
			target = 49F11F60196C3BE50041B98B /* ASNCalendarDemo */;
			targetProxy = 49F11F87196C3BE50041B98B /* PBXContainerItemProxy */;
		};
/* End PBXTargetDependency section */

/* Begin PBXVariantGroup section */
		49F11F6D196C3BE50041B98B /* InfoPlist.strings */ = {
			isa = PBXVariantGroup;
			children = (
				49F11F6E196C3BE50041B98B /* en */,
			);
			name = InfoPlist.strings;
			sourceTree = "<group>";
		};
		49F11F76196C3BE50041B98B /* Main.storyboard */ = {
			isa = PBXVariantGroup;
			children = (
				49F11F77196C3BE50041B98B /* Base */,
			);
			name = Main.storyboard;
			sourceTree = "<group>";
		};
		49F11F8C196C3BE50041B98B /* InfoPlist.strings */ = {
			isa = PBXVariantGroup;
			children = (
				49F11F8D196C3BE50041B98B /* en */,
			);
			name = InfoPlist.strings;
			sourceTree = "<group>";
		};
/* End PBXVariantGroup section */

/* Begin XCBuildConfiguration section */
		49F11F91196C3BE50041B98B /* Debug */ = {
			isa = XCBuildConfiguration;
			buildSettings = {
				ALWAYS_SEARCH_USER_PATHS = NO;
				CLANG_CXX_LANGUAGE_STANDARD = "gnu++0x";
				CLANG_CXX_LIBRARY = "libc++";
				CLANG_ENABLE_MODULES = YES;
				CLANG_ENABLE_OBJC_ARC = YES;
				CLANG_WARN_BOOL_CONVERSION = YES;
				CLANG_WARN_CONSTANT_CONVERSION = YES;
				CLANG_WARN_DIRECT_OBJC_ISA_USAGE = YES_ERROR;
				CLANG_WARN_EMPTY_BODY = YES;
				CLANG_WARN_ENUM_CONVERSION = YES;
				CLANG_WARN_INT_CONVERSION = YES;
				CLANG_WARN_OBJC_ROOT_CLASS = YES_ERROR;
				CLANG_WARN__DUPLICATE_METHOD_MATCH = YES;
				"CODE_SIGN_IDENTITY[sdk=iphoneos*]" = "iPhone Developer";
				COPY_PHASE_STRIP = NO;
				GCC_C_LANGUAGE_STANDARD = gnu99;
				GCC_DYNAMIC_NO_PIC = NO;
				GCC_OPTIMIZATION_LEVEL = 0;
				GCC_PREPROCESSOR_DEFINITIONS = (
					"DEBUG=1",
					"$(inherited)",
				);
				GCC_SYMBOLS_PRIVATE_EXTERN = NO;
				GCC_WARN_64_TO_32_BIT_CONVERSION = YES;
				GCC_WARN_ABOUT_RETURN_TYPE = YES_ERROR;
				GCC_WARN_UNDECLARED_SELECTOR = YES;
				GCC_WARN_UNINITIALIZED_AUTOS = YES_AGGRESSIVE;
				GCC_WARN_UNUSED_FUNCTION = YES;
				GCC_WARN_UNUSED_VARIABLE = YES;
				IPHONEOS_DEPLOYMENT_TARGET = 7.1;
				ONLY_ACTIVE_ARCH = YES;
				SDKROOT = iphoneos;
			};
			name = Debug;
		};
		49F11F92196C3BE50041B98B /* Release */ = {
			isa = XCBuildConfiguration;
			buildSettings = {
				ALWAYS_SEARCH_USER_PATHS = NO;
				CLANG_CXX_LANGUAGE_STANDARD = "gnu++0x";
				CLANG_CXX_LIBRARY = "libc++";
				CLANG_ENABLE_MODULES = YES;
				CLANG_ENABLE_OBJC_ARC = YES;
				CLANG_WARN_BOOL_CONVERSION = YES;
				CLANG_WARN_CONSTANT_CONVERSION = YES;
				CLANG_WARN_DIRECT_OBJC_ISA_USAGE = YES_ERROR;
				CLANG_WARN_EMPTY_BODY = YES;
				CLANG_WARN_ENUM_CONVERSION = YES;
				CLANG_WARN_INT_CONVERSION = YES;
				CLANG_WARN_OBJC_ROOT_CLASS = YES_ERROR;
				CLANG_WARN__DUPLICATE_METHOD_MATCH = YES;
				"CODE_SIGN_IDENTITY[sdk=iphoneos*]" = "iPhone Developer";
				COPY_PHASE_STRIP = YES;
				ENABLE_NS_ASSERTIONS = NO;
				GCC_C_LANGUAGE_STANDARD = gnu99;
				GCC_WARN_64_TO_32_BIT_CONVERSION = YES;
				GCC_WARN_ABOUT_RETURN_TYPE = YES_ERROR;
				GCC_WARN_UNDECLARED_SELECTOR = YES;
				GCC_WARN_UNINITIALIZED_AUTOS = YES_AGGRESSIVE;
				GCC_WARN_UNUSED_FUNCTION = YES;
				GCC_WARN_UNUSED_VARIABLE = YES;
				IPHONEOS_DEPLOYMENT_TARGET = 7.1;
				SDKROOT = iphoneos;
				VALIDATE_PRODUCT = YES;
			};
			name = Release;
		};
		49F11F94196C3BE50041B98B /* Debug */ = {
			isa = XCBuildConfiguration;
			buildSettings = {
				ASSETCATALOG_COMPILER_APPICON_NAME = AppIcon;
				ASSETCATALOG_COMPILER_LAUNCHIMAGE_NAME = LaunchImage;
				GCC_PRECOMPILE_PREFIX_HEADER = YES;
				GCC_PREFIX_HEADER = "ASNCalendarDemo/ASNCalendarDemo-Prefix.pch";
				INFOPLIST_FILE = "ASNCalendarDemo/ASNCalendarDemo-Info.plist";
				PRODUCT_NAME = "$(TARGET_NAME)";
				WRAPPER_EXTENSION = app;
			};
			name = Debug;
		};
		49F11F95196C3BE50041B98B /* Release */ = {
			isa = XCBuildConfiguration;
			buildSettings = {
				ASSETCATALOG_COMPILER_APPICON_NAME = AppIcon;
				ASSETCATALOG_COMPILER_LAUNCHIMAGE_NAME = LaunchImage;
				GCC_PRECOMPILE_PREFIX_HEADER = YES;
				GCC_PREFIX_HEADER = "ASNCalendarDemo/ASNCalendarDemo-Prefix.pch";
				INFOPLIST_FILE = "ASNCalendarDemo/ASNCalendarDemo-Info.plist";
				PRODUCT_NAME = "$(TARGET_NAME)";
				WRAPPER_EXTENSION = app;
			};
			name = Release;
		};
		49F11F97196C3BE50041B98B /* Debug */ = {
			isa = XCBuildConfiguration;
			buildSettings = {
				BUNDLE_LOADER = "$(BUILT_PRODUCTS_DIR)/ASNCalendarDemo.app/ASNCalendarDemo";
				FRAMEWORK_SEARCH_PATHS = (
					"$(SDKROOT)/Developer/Library/Frameworks",
					"$(inherited)",
					"$(DEVELOPER_FRAMEWORKS_DIR)",
				);
				GCC_PRECOMPILE_PREFIX_HEADER = YES;
				GCC_PREFIX_HEADER = "ASNCalendarDemo/ASNCalendarDemo-Prefix.pch";
				GCC_PREPROCESSOR_DEFINITIONS = (
					"DEBUG=1",
					"$(inherited)",
				);
				INFOPLIST_FILE = "ASNCalendarDemoTests/ASNCalendarDemoTests-Info.plist";
				PRODUCT_NAME = "$(TARGET_NAME)";
				TEST_HOST = "$(BUNDLE_LOADER)";
				WRAPPER_EXTENSION = xctest;
			};
			name = Debug;
		};
		49F11F98196C3BE50041B98B /* Release */ = {
			isa = XCBuildConfiguration;
			buildSettings = {
				BUNDLE_LOADER = "$(BUILT_PRODUCTS_DIR)/ASNCalendarDemo.app/ASNCalendarDemo";
				FRAMEWORK_SEARCH_PATHS = (
					"$(SDKROOT)/Developer/Library/Frameworks",
					"$(inherited)",
					"$(DEVELOPER_FRAMEWORKS_DIR)",
				);
				GCC_PRECOMPILE_PREFIX_HEADER = YES;
				GCC_PREFIX_HEADER = "ASNCalendarDemo/ASNCalendarDemo-Prefix.pch";
				INFOPLIST_FILE = "ASNCalendarDemoTests/ASNCalendarDemoTests-Info.plist";
				PRODUCT_NAME = "$(TARGET_NAME)";
				TEST_HOST = "$(BUNDLE_LOADER)";
				WRAPPER_EXTENSION = xctest;
			};
			name = Release;
		};
/* End XCBuildConfiguration section */

/* Begin XCConfigurationList section */
		49F11F5C196C3BE50041B98B /* Build configuration list for PBXProject "ASNCalendarDemo" */ = {
			isa = XCConfigurationList;
			buildConfigurations = (
				49F11F91196C3BE50041B98B /* Debug */,
				49F11F92196C3BE50041B98B /* Release */,
			);
			defaultConfigurationIsVisible = 0;
			defaultConfigurationName = Release;
		};
		49F11F93196C3BE50041B98B /* Build configuration list for PBXNativeTarget "ASNCalendarDemo" */ = {
			isa = XCConfigurationList;
			buildConfigurations = (
				49F11F94196C3BE50041B98B /* Debug */,
				49F11F95196C3BE50041B98B /* Release */,
			);
			defaultConfigurationIsVisible = 0;
		};
		49F11F96196C3BE50041B98B /* Build configuration list for PBXNativeTarget "ASNCalendarDemoTests" */ = {
			isa = XCConfigurationList;
			buildConfigurations = (
				49F11F97196C3BE50041B98B /* Debug */,
				49F11F98196C3BE50041B98B /* Release */,
			);
			defaultConfigurationIsVisible = 0;
		};
/* End XCConfigurationList section */
	};
	rootObject = 49F11F59196C3BE50041B98B /* Project object */;
}
